
Microsoft Visual Studio Solution File, Format Version 12.00
# Visual Studio Express 2013 for Windows Desktop
VisualStudioVersion = 12.0.21005.1
MinimumVisualStudioVersion = 10.0.40219.1
Project("{8BC9CEB8-8B4A-11D0-8D11-00A0C91BC942}") = "RandomDotProject", "Applications\RandomDot\RandomDotProject.vcxproj", "{1072A187-6213-479A-A13E-E6E19E4E646B}"
EndProject
Project("{8BC9CEB8-8B4A-11D0-8D11-00A0C91BC942}") = "PingPangProject", "Applications\PingPangProject\PingPangProject.vcxproj", "{24B1288A-2E65-48F3-B9C5-7C45AEC52464}"
EndProject
Project("{8BC9CEB8-8B4A-11D0-8D11-00A0C91BC942}") = "TetrisProject", "Applications\TetrisProject\TetrisProject.vcxproj", "{154F5DE2-9E57-4407-A950-EABE3034DF07}"
EndProject
Project("{8BC9CEB8-8B4A-11D0-8D11-00A0C91BC942}") = "DepthTestProject", "Applications\DepthTestProject\DepthTest.vcxproj", "{E8FF1F9D-D792-46E9-A335-EE018C3C3730}"
EndProject
Project("{8BC9CEB8-8B4A-11D0-8D11-00A0C91BC942}") = "LemniscusProject", "Applications\LemniscusProject\LemniscusProject.vcxproj", "{189F7D18-8DD4-4AB1-BFDB-F5DA323FE1A4}"
EndProject
Project("{8BC9CEB8-8B4A-11D0-8D11-00A0C91BC942}") = "ChooseItProject", "Applications\ChooseItProject\ChooseItProject.vcxproj", "{FC679B57-3695-43B4-81DE-412FCA1277B3}"
EndProject
Global
	GlobalSection(SolutionConfigurationPlatforms) = preSolution
		Debug|Win32 = Debug|Win32
		ForDX|Win32 = ForDX|Win32
		Release|Win32 = Release|Win32
	EndGlobalSection
	GlobalSection(ProjectConfigurationPlatforms) = postSolution
		{1072A187-6213-479A-A13E-E6E19E4E646B}.Debug|Win32.ActiveCfg = Debug|Win32
		{1072A187-6213-479A-A13E-E6E19E4E646B}.Debug|Win32.Build.0 = Debug|Win32
		{1072A187-6213-479A-A13E-E6E19E4E646B}.ForDX|Win32.ActiveCfg = ForDX|Win32
		{1072A187-6213-479A-A13E-E6E19E4E646B}.ForDX|Win32.Build.0 = ForDX|Win32
		{1072A187-6213-479A-A13E-E6E19E4E646B}.Release|Win32.ActiveCfg = Release|Win32
		{1072A187-6213-479A-A13E-E6E19E4E646B}.Release|Win32.Build.0 = Release|Win32
		{24B1288A-2E65-48F3-B9C5-7C45AEC52464}.Debug|Win32.ActiveCfg = Debug|Win32
		{24B1288A-2E65-48F3-B9C5-7C45AEC52464}.Debug|Win32.Build.0 = Debug|Win32
		{24B1288A-2E65-48F3-B9C5-7C45AEC52464}.ForDX|Win32.ActiveCfg = Release|Win32
		{24B1288A-2E65-48F3-B9C5-7C45AEC52464}.ForDX|Win32.Build.0 = Release|Win32
		{24B1288A-2E65-48F3-B9C5-7C45AEC52464}.Release|Win32.ActiveCfg = Release|Win32
		{24B1288A-2E65-48F3-B9C5-7C45AEC52464}.Release|Win32.Build.0 = Release|Win32
		{154F5DE2-9E57-4407-A950-EABE3034DF07}.Debug|Win32.ActiveCfg = Debug|Win32
		{154F5DE2-9E57-4407-A950-EABE3034DF07}.Debug|Win32.Build.0 = Debug|Win32
		{154F5DE2-9E57-4407-A950-EABE3034DF07}.ForDX|Win32.ActiveCfg = Release|Win32
		{154F5DE2-9E57-4407-A950-EABE3034DF07}.ForDX|Win32.Build.0 = Release|Win32
		{154F5DE2-9E57-4407-A950-EABE3034DF07}.Release|Win32.ActiveCfg = Release|Win32
		{154F5DE2-9E57-4407-A950-EABE3034DF07}.Release|Win32.Build.0 = Release|Win32
		{E8FF1F9D-D792-46E9-A335-EE018C3C3730}.Debug|Win32.ActiveCfg = Debug|Win32
		{E8FF1F9D-D792-46E9-A335-EE018C3C3730}.Debug|Win32.Build.0 = Debug|Win32
		{E8FF1F9D-D792-46E9-A335-EE018C3C3730}.ForDX|Win32.ActiveCfg = Release|Win32
		{E8FF1F9D-D792-46E9-A335-EE018C3C3730}.ForDX|Win32.Build.0 = Release|Win32
		{E8FF1F9D-D792-46E9-A335-EE018C3C3730}.Release|Win32.ActiveCfg = Release|Win32
		{E8FF1F9D-D792-46E9-A335-EE018C3C3730}.Release|Win32.Build.0 = Release|Win32
		{189F7D18-8DD4-4AB1-BFDB-F5DA323FE1A4}.Debug|Win32.ActiveCfg = Debug|Win32
		{189F7D18-8DD4-4AB1-BFDB-F5DA323FE1A4}.Debug|Win32.Build.0 = Debug|Win32
		{189F7D18-8DD4-4AB1-BFDB-F5DA323FE1A4}.ForDX|Win32.ActiveCfg = Release|Win32
		{189F7D18-8DD4-4AB1-BFDB-F5DA323FE1A4}.ForDX|Win32.Build.0 = Release|Win32
		{189F7D18-8DD4-4AB1-BFDB-F5DA323FE1A4}.Release|Win32.ActiveCfg = Release|Win32
		{189F7D18-8DD4-4AB1-BFDB-F5DA323FE1A4}.Release|Win32.Build.0 = Release|Win32
		{FC679B57-3695-43B4-81DE-412FCA1277B3}.Debug|Win32.ActiveCfg = Debug|Win32
		{FC679B57-3695-43B4-81DE-412FCA1277B3}.Debug|Win32.Build.0 = Debug|Win32
		{FC679B57-3695-43B4-81DE-412FCA1277B3}.ForDX|Win32.ActiveCfg = Release|Win32
		{FC679B57-3695-43B4-81DE-412FCA1277B3}.ForDX|Win32.Build.0 = Release|Win32
		{FC679B57-3695-43B4-81DE-412FCA1277B3}.Release|Win32.ActiveCfg = Release|Win32
		{FC679B57-3695-43B4-81DE-412FCA1277B3}.Release|Win32.Build.0 = Release|Win32
	EndGlobalSection
	GlobalSection(SolutionProperties) = preSolution
		HideSolutionNode = FALSE
	EndGlobalSection
EndGlobal
