<?xml version="1.0" encoding="utf-8"?>
<Project ToolsVersion="4.0" xmlns="http://schemas.microsoft.com/developer/msbuild/2003">
  <ItemGroup>
    <ClCompile Include="RandDoter.cpp" />
    <ClCompile Include="RandomDotRender.cpp" />
    <ClCompile Include="..\..\Dependencies\DXUT\Core\DXUT.cpp">
      <Filter>DXUT</Filter>
    </ClCompile>
    <ClCompile Include="..\..\Dependencies\DXUT\Optional\DXUTcamera.cpp">
      <Filter>DXUT</Filter>
    </ClCompile>
    <ClCompile Include="..\..\Dependencies\DXUT\Core\DXUTenum.cpp">
      <Filter>DXUT</Filter>
    </ClCompile>
    <ClCompile Include="..\..\Dependencies\DXUT\Optional\DXUTgui.cpp">
      <Filter>DXUT</Filter>
    </ClCompile>
    <ClCompile Include="..\..\Dependencies\DXUT\Core\DXUTmisc.cpp">
      <Filter>DXUT</Filter>
    </ClCompile>
    <ClCompile Include="..\..\Dependencies\DXUT\Optional\DXUTres.cpp">
      <Filter>DXUT</Filter>
    </ClCompile>
    <ClCompile Include="..\..\Dependencies\DXUT\Optional\DXUTsettingsdlg.cpp">
      <Filter>DXUT</Filter>
    </ClCompile>
    <ClCompile Include="..\..\Dependencies\DXUT\Optional\SDKmesh.cpp">
      <Filter>DXUT</Filter>
    </ClCompile>
    <ClCompile Include="..\..\Dependencies\DXUT\Optional\SDKmisc.cpp">
      <Filter>DXUT</Filter>
    </ClCompile>
    <ClCompile Include="..\..\Dependencies\DXUT\Optional\SDKwavefile.cpp">
      <Filter>DXUT</Filter>
    </ClCompile>
    <ClCompile Include="App.cpp" />
    <ClCompile Include="digit_numbers.cpp" />
    <ClCompile Include="..\..\Source\Mathematic\Vector2f.cpp">
      <Filter>Lib</Filter>
    </ClCompile>
    <ClCompile Include="..\..\Source\Mathematic\Vector3f.cpp">
      <Filter>Lib</Filter>
    </ClCompile>
    <ClCompile Include="..\..\Source\Mathematic\Vector4f.cpp">
      <Filter>Lib</Filter>
    </ClCompile>
  </ItemGroup>
  <ItemGroup>
    <ClInclude Include="RandDoter.hpp" />
    <ClInclude Include="RandomDotRender.hpp" />
    <ClInclude Include="..\..\Dependencies\DXUT\Optional\DXUTsettingsdlg.h">
      <Filter>DXUT</Filter>
    </ClInclude>
    <ClInclude Include="..\..\Dependencies\DXUT\Core\DXUT.h">
      <Filter>DXUT</Filter>
    </ClInclude>
    <ClInclude Include="..\..\Dependencies\DXUT\Optional\DXUTcamera.h">
      <Filter>DXUT</Filter>
    </ClInclude>
    <ClInclude Include="..\..\Dependencies\DXUT\Core\DXUTenum.h">
      <Filter>DXUT</Filter>
    </ClInclude>
    <ClInclude Include="..\..\Dependencies\DXUT\Optional\DXUTgui.h">
      <Filter>DXUT</Filter>
    </ClInclude>
    <ClInclude Include="..\..\Dependencies\DXUT\Core\DXUTmisc.h">
      <Filter>DXUT</Filter>
    </ClInclude>
    <ClInclude Include="..\..\Dependencies\DXUT\Optional\DXUTres.h">
      <Filter>DXUT</Filter>
    </ClInclude>
    <ClInclude Include="..\..\Dependencies\DXUT\Optional\SDKwavefile.h">
      <Filter>DXUT</Filter>
    </ClInclude>
    <ClInclude Include="..\..\Dependencies\DXUT\Optional\SDKmesh.h">
      <Filter>DXUT</Filter>
    </ClInclude>
    <ClInclude Include="..\..\Dependencies\DXUT\Optional\SDKmisc.h">
      <Filter>DXUT</Filter>
    </ClInclude>
    <ClInclude Include="digit_numbers.h" />
    <ClInclude Include="..\..\Source\Mathematic\Vector2f.h">
      <Filter>Lib</Filter>
    </ClInclude>
    <ClInclude Include="..\..\Source\Mathematic\Vector3f.h">
      <Filter>Lib</Filter>
    </ClInclude>
    <ClInclude Include="..\..\Source\Mathematic\Vector4f.h">
      <Filter>Lib</Filter>
    </ClInclude>
  </ItemGroup>
  <ItemGroup>
    <Filter Include="DXUT">
      <UniqueIdentifier>{2313652e-72c8-4f59-aab9-f81765b9a9c7}</UniqueIdentifier>
    </Filter>
    <Filter Include="Lib">
      <UniqueIdentifier>{82019ebf-86d8-40b9-9c5c-5239fc1a8290}</UniqueIdentifier>
    </Filter>
  </ItemGroup>
</Project>